// !$*UTF8*$!
{
	archiveVersion = 1;
	classes = {
	};
	objectVersion = 48;
	objects = {

/* Begin PBXBuildFile section */
		D202A9792062BE0E0045C4F7 /* Racine.gpx in Resources */ = {isa = PBXBuildFile; fileRef = D202A9782062BE0E0045C4F7 /* Racine.gpx */; };
		D2409C9720653DDD00220BC5 /* MealTableViewCell.swift in Sources */ = {isa = PBXBuildFile; fileRef = D2409C9620653DDD00220BC5 /* MealTableViewCell.swift */; };
		D2409C99206541E000220BC5 /* MealTableViewController.swift in Sources */ = {isa = PBXBuildFile; fileRef = D2409C98206541E000220BC5 /* MealTableViewController.swift */; };
		D24D814E206450C9004CAB7A /* RatingControl.swift in Sources */ = {isa = PBXBuildFile; fileRef = D24D814D206450C9004CAB7A /* RatingControl.swift */; };
		D24D815020645820004CAB7A /* Meal.swift in Sources */ = {isa = PBXBuildFile; fileRef = D24D814F20645820004CAB7A /* Meal.swift */; };
		D251098A2062C8B80061832D /* Racine Walking Route.gpx in Resources */ = {isa = PBXBuildFile; fileRef = D25109892062C8B80061832D /* Racine Walking Route.gpx */; };
		D26B48282062D6EA0019F5EE /* MealViewController.swift in Sources */ = {isa = PBXBuildFile; fileRef = D26B48272062D6EA0019F5EE /* MealViewController.swift */; };
		D2E84E21205712490022BAF2 /* AppDelegate.swift in Sources */ = {isa = PBXBuildFile; fileRef = D2E84E20205712490022BAF2 /* AppDelegate.swift */; };
		D2E84E23205712490022BAF2 /* HomeViewController.swift in Sources */ = {isa = PBXBuildFile; fileRef = D2E84E22205712490022BAF2 /* HomeViewController.swift */; };
		D2E84E25205712490022BAF2 /* MapViewController.swift in Sources */ = {isa = PBXBuildFile; fileRef = D2E84E24205712490022BAF2 /* MapViewController.swift */; };
		D2E84E28205712490022BAF2 /* Main.storyboard in Resources */ = {isa = PBXBuildFile; fileRef = D2E84E26205712490022BAF2 /* Main.storyboard */; };
		D2E84E2A205712490022BAF2 /* Assets.xcassets in Resources */ = {isa = PBXBuildFile; fileRef = D2E84E29205712490022BAF2 /* Assets.xcassets */; };
		D2E84E2D205712490022BAF2 /* LaunchScreen.storyboard in Resources */ = {isa = PBXBuildFile; fileRef = D2E84E2B205712490022BAF2 /* LaunchScreen.storyboard */; };
		D2E84E3920572CB00022BAF2 /* VideoWorkoutViewController.swift in Sources */ = {isa = PBXBuildFile; fileRef = D2E84E3820572CB00022BAF2 /* VideoWorkoutViewController.swift */; };
/* End PBXBuildFile section */

/* Begin PBXFileReference section */
		D202A9782062BE0E0045C4F7 /* Racine.gpx */ = {isa = PBXFileReference; lastKnownFileType = text.xml; path = Racine.gpx; sourceTree = "<group>"; };
		D2409C9620653DDD00220BC5 /* MealTableViewCell.swift */ = {isa = PBXFileReference; lastKnownFileType = sourcecode.swift; path = MealTableViewCell.swift; sourceTree = "<group>"; };
		D2409C98206541E000220BC5 /* MealTableViewController.swift */ = {isa = PBXFileReference; lastKnownFileType = sourcecode.swift; path = MealTableViewController.swift; sourceTree = "<group>"; };
		D24D814D206450C9004CAB7A /* RatingControl.swift */ = {isa = PBXFileReference; lastKnownFileType = sourcecode.swift; path = RatingControl.swift; sourceTree = "<group>"; };
		D24D814F20645820004CAB7A /* Meal.swift */ = {isa = PBXFileReference; lastKnownFileType = sourcecode.swift; path = Meal.swift; sourceTree = "<group>"; };
		D25109892062C8B80061832D /* Racine Walking Route.gpx */ = {isa = PBXFileReference; fileEncoding = 4; lastKnownFileType = text.xml; path = "Racine Walking Route.gpx"; sourceTree = "<group>"; };
		D26B48272062D6EA0019F5EE /* MealViewController.swift */ = {isa = PBXFileReference; lastKnownFileType = sourcecode.swift; path = MealViewController.swift; sourceTree = "<group>"; };
		D2E84E1D205712490022BAF2 /* iFIT.app */ = {isa = PBXFileReference; explicitFileType = wrapper.application; includeInIndex = 0; path = iFIT.app; sourceTree = BUILT_PRODUCTS_DIR; };
		D2E84E20205712490022BAF2 /* AppDelegate.swift */ = {isa = PBXFileReference; lastKnownFileType = sourcecode.swift; path = AppDelegate.swift; sourceTree = "<group>"; };
		D2E84E22205712490022BAF2 /* HomeViewController.swift */ = {isa = PBXFileReference; lastKnownFileType = sourcecode.swift; path = HomeViewController.swift; sourceTree = "<group>"; };
		D2E84E24205712490022BAF2 /* MapViewController.swift */ = {isa = PBXFileReference; lastKnownFileType = sourcecode.swift; path = MapViewController.swift; sourceTree = "<group>"; };
		D2E84E27205712490022BAF2 /* Base */ = {isa = PBXFileReference; lastKnownFileType = file.storyboard; name = Base; path = Base.lproj/Main.storyboard; sourceTree = "<group>"; };
		D2E84E29205712490022BAF2 /* Assets.xcassets */ = {isa = PBXFileReference; lastKnownFileType = folder.assetcatalog; path = Assets.xcassets; sourceTree = "<group>"; };
		D2E84E2C205712490022BAF2 /* Base */ = {isa = PBXFileReference; lastKnownFileType = file.storyboard; name = Base; path = Base.lproj/LaunchScreen.storyboard; sourceTree = "<group>"; };
		D2E84E2E205712490022BAF2 /* Info.plist */ = {isa = PBXFileReference; lastKnownFileType = text.plist.xml; path = Info.plist; sourceTree = "<group>"; };
		D2E84E3820572CB00022BAF2 /* VideoWorkoutViewController.swift */ = {isa = PBXFileReference; lastKnownFileType = sourcecode.swift; path = VideoWorkoutViewController.swift; sourceTree = "<group>"; };
/* End PBXFileReference section */

/* Begin PBXFrameworksBuildPhase section */
		D2E84E1A205712490022BAF2 /* Frameworks */ = {
			isa = PBXFrameworksBuildPhase;
			buildActionMask = 2147483647;
			files = (
			);
			runOnlyForDeploymentPostprocessing = 0;
		};
/* End PBXFrameworksBuildPhase section */

/* Begin PBXGroup section */
		D2E84E14205712490022BAF2 = {
			isa = PBXGroup;
			children = (
				D2E84E1F205712490022BAF2 /* iFIT */,
				D2E84E1E205712490022BAF2 /* Products */,
			);
			sourceTree = "<group>";
		};
		D2E84E1E205712490022BAF2 /* Products */ = {
			isa = PBXGroup;
			children = (
				D2E84E1D205712490022BAF2 /* iFIT.app */,
			);
			name = Products;
			sourceTree = "<group>";
		};
		D2E84E1F205712490022BAF2 /* iFIT */ = {
			isa = PBXGroup;
			children = (
				D2E84E20205712490022BAF2 /* AppDelegate.swift */,
				D2E84E22205712490022BAF2 /* HomeViewController.swift */,
				D2E84E24205712490022BAF2 /* MapViewController.swift */,
				D2E84E3820572CB00022BAF2 /* VideoWorkoutViewController.swift */,
				D26B48272062D6EA0019F5EE /* MealViewController.swift */,
				D24D814D206450C9004CAB7A /* RatingControl.swift */,
				D24D814F20645820004CAB7A /* Meal.swift */,
				D2409C9620653DDD00220BC5 /* MealTableViewCell.swift */,
				D2409C98206541E000220BC5 /* MealTableViewController.swift */,
				D2E84E26205712490022BAF2 /* Main.storyboard */,
				D2E84E29205712490022BAF2 /* Assets.xcassets */,
				D2E84E2B205712490022BAF2 /* LaunchScreen.storyboard */,
				D2E84E2E205712490022BAF2 /* Info.plist */,
				D202A9782062BE0E0045C4F7 /* Racine.gpx */,
				D25109892062C8B80061832D /* Racine Walking Route.gpx */,
			);
			path = iFIT;
			sourceTree = "<group>";
		};
/* End PBXGroup section */

/* Begin PBXNativeTarget section */
		D2E84E1C205712490022BAF2 /* iFIT */ = {
			isa = PBXNativeTarget;
			buildConfigurationList = D2E84E31205712490022BAF2 /* Build configuration list for PBXNativeTarget "iFIT" */;
			buildPhases = (
				D2E84E19205712490022BAF2 /* Sources */,
				D2E84E1A205712490022BAF2 /* Frameworks */,
				D2E84E1B205712490022BAF2 /* Resources */,
			);
			buildRules = (
			);
			dependencies = (
			);
			name = iFIT;
			productName = iFIT;
			productReference = D2E84E1D205712490022BAF2 /* iFIT.app */;
			productType = "com.apple.product-type.application";
		};
/* End PBXNativeTarget section */

/* Begin PBXProject section */
		D2E84E15205712490022BAF2 /* Project object */ = {
			isa = PBXProject;
			attributes = {
				LastSwiftUpdateCheck = 0920;
				LastUpgradeCheck = 0920;
				ORGANIZATIONNAME = BryceSulin;
				TargetAttributes = {
					D2E84E1C205712490022BAF2 = {
						CreatedOnToolsVersion = 9.2;
						ProvisioningStyle = Automatic;
					};
				};
			};
			buildConfigurationList = D2E84E18205712490022BAF2 /* Build configuration list for PBXProject "iFIT" */;
			compatibilityVersion = "Xcode 8.0";
			developmentRegion = en;
			hasScannedForEncodings = 0;
			knownRegions = (
				en,
				Base,
			);
			mainGroup = D2E84E14205712490022BAF2;
			productRefGroup = D2E84E1E205712490022BAF2 /* Products */;
			projectDirPath = "";
			projectRoot = "";
			targets = (
				D2E84E1C205712490022BAF2 /* iFIT */,
			);
		};
/* End PBXProject section */

/* Begin PBXResourcesBuildPhase section */
		D2E84E1B205712490022BAF2 /* Resources */ = {
			isa = PBXResourcesBuildPhase;
			buildActionMask = 2147483647;
			files = (
				D2E84E2D205712490022BAF2 /* LaunchScreen.storyboard in Resources */,
				D202A9792062BE0E0045C4F7 /* Racine.gpx in Resources */,
				D2E84E2A205712490022BAF2 /* Assets.xcassets in Resources */,
				D251098A2062C8B80061832D /* Racine Walking Route.gpx in Resources */,
				D2E84E28205712490022BAF2 /* Main.storyboard in Resources */,
			);
			runOnlyForDeploymentPostprocessing = 0;
		};
/* End PBXResourcesBuildPhase section */

/* Begin PBXSourcesBuildPhase section */
		D2E84E19205712490022BAF2 /* Sources */ = {
			isa = PBXSourcesBuildPhase;
			buildActionMask = 2147483647;
			files = (
				D2E84E3920572CB00022BAF2 /* VideoWorkoutViewController.swift in Sources */,
				D2E84E25205712490022BAF2 /* MapViewController.swift in Sources */,
				D24D815020645820004CAB7A /* Meal.swift in Sources */,
				D26B48282062D6EA0019F5EE /* MealViewController.swift in Sources */,
				D2409C9720653DDD00220BC5 /* MealTableViewCell.swift in Sources */,
				D2E84E21205712490022BAF2 /* AppDelegate.swift in Sources */,
				D24D814E206450C9004CAB7A /* RatingControl.swift in Sources */,
				D2409C99206541E000220BC5 /* MealTableViewController.swift in Sources */,
				D2E84E23205712490022BAF2 /* HomeViewController.swift in Sources */,
			);
			runOnlyForDeploymentPostprocessing = 0;
		};
/* End PBXSourcesBuildPhase section */

/* Begin PBXVariantGroup section */
		D2E84E26205712490022BAF2 /* Main.storyboard */ = {
			isa = PBXVariantGroup;
			children = (
				D2E84E27205712490022BAF2 /* Base */,
			);
			name = Main.storyboard;
			sourceTree = "<group>";
		};
		D2E84E2B205712490022BAF2 /* LaunchScreen.storyboard */ = {
			isa = PBXVariantGroup;
			children = (
				D2E84E2C205712490022BAF2 /* Base */,
			);
			name = LaunchScreen.storyboard;
			sourceTree = "<group>";
		};
/* End PBXVariantGroup section */

/* Begin XCBuildConfiguration section */
		D2E84E2F205712490022BAF2 /* Debug */ = {
			isa = XCBuildConfiguration;
			buildSettings = {
				ALWAYS_SEARCH_USER_PATHS = NO;
				CLANG_ANALYZER_NONNULL = YES;
				CLANG_ANALYZER_NUMBER_OBJECT_CONVERSION = YES_AGGRESSIVE;
				CLANG_CXX_LANGUAGE_STANDARD = "gnu++14";
				CLANG_CXX_LIBRARY = "libc++";
				CLANG_ENABLE_MODULES = YES;
				CLANG_ENABLE_OBJC_ARC = YES;
				CLANG_WARN_BLOCK_CAPTURE_AUTORELEASING = YES;
				CLANG_WARN_BOOL_CONVERSION = YES;
				CLANG_WARN_COMMA = YES;
				CLANG_WARN_CONSTANT_CONVERSION = YES;
				CLANG_WARN_DIRECT_OBJC_ISA_USAGE = YES_ERROR;
				CLANG_WARN_DOCUMENTATION_COMMENTS = YES;
				CLANG_WARN_EMPTY_BODY = YES;
				CLANG_WARN_ENUM_CONVERSION = YES;
				CLANG_WARN_INFINITE_RECURSION = YES;
				CLANG_WARN_INT_CONVERSION = YES;
				CLANG_WARN_NON_LITERAL_NULL_CONVERSION = YES;
				CLANG_WARN_OBJC_LITERAL_CONVERSION = YES;
				CLANG_WARN_OBJC_ROOT_CLASS = YES_ERROR;
				CLANG_WARN_RANGE_LOOP_ANALYSIS = YES;
				CLANG_WARN_STRICT_PROTOTYPES = YES;
				CLANG_WARN_SUSPICIOUS_MOVE = YES;
				CLANG_WARN_UNGUARDED_AVAILABILITY = YES_AGGRESSIVE;
				CLANG_WARN_UNREACHABLE_CODE = YES;
				CLANG_WARN__DUPLICATE_METHOD_MATCH = YES;
				CODE_SIGN_IDENTITY = "iPhone Developer";
				COPY_PHASE_STRIP = NO;
				DEBUG_INFORMATION_FORMAT = dwarf;
				ENABLE_STRICT_OBJC_MSGSEND = YES;
				ENABLE_TESTABILITY = YES;
				GCC_C_LANGUAGE_STANDARD = gnu11;
				GCC_DYNAMIC_NO_PIC = NO;
				GCC_NO_COMMON_BLOCKS = YES;
				GCC_OPTIMIZATION_LEVEL = 0;
				GCC_PREPROCESSOR_DEFINITIONS = (
					"DEBUG=1",
					"$(inherited)",
				);
				GCC_WARN_64_TO_32_BIT_CONVERSION = YES;
				GCC_WARN_ABOUT_RETURN_TYPE = YES_ERROR;
				GCC_WARN_UNDECLARED_SELECTOR = YES;
				GCC_WARN_UNINITIALIZED_AUTOS = YES_AGGRESSIVE;
				GCC_WARN_UNUSED_FUNCTION = YES;
				GCC_WARN_UNUSED_VARIABLE = YES;
				IPHONEOS_DEPLOYMENT_TARGET = 11.2;
				MTL_ENABLE_DEBUG_INFO = YES;
				ONLY_ACTIVE_ARCH = YES;
				SDKROOT = iphoneos;
				SWIFT_ACTIVE_COMPILATION_CONDITIONS = DEBUG;
				SWIFT_OPTIMIZATION_LEVEL = "-Onone";
			};
			name = Debug;
		};
		D2E84E30205712490022BAF2 /* Release */ = {
			isa = XCBuildConfiguration;
			buildSettings = {
				ALWAYS_SEARCH_USER_PATHS = NO;
				CLANG_ANALYZER_NONNULL = YES;
				CLANG_ANALYZER_NUMBER_OBJECT_CONVERSION = YES_AGGRESSIVE;
				CLANG_CXX_LANGUAGE_STANDARD = "gnu++14";
				CLANG_CXX_LIBRARY = "libc++";
				CLANG_ENABLE_MODULES = YES;
				CLANG_ENABLE_OBJC_ARC = YES;
				CLANG_WARN_BLOCK_CAPTURE_AUTORELEASING = YES;
				CLANG_WARN_BOOL_CONVERSION = YES;
				CLANG_WARN_COMMA = YES;
				CLANG_WARN_CONSTANT_CONVERSION = YES;
				CLANG_WARN_DIRECT_OBJC_ISA_USAGE = YES_ERROR;
				CLANG_WARN_DOCUMENTATION_COMMENTS = YES;
				CLANG_WARN_EMPTY_BODY = YES;
				CLANG_WARN_ENUM_CONVERSION = YES;
				CLANG_WARN_INFINITE_RECURSION = YES;
				CLANG_WARN_INT_CONVERSION = YES;
				CLANG_WARN_NON_LITERAL_NULL_CONVERSION = YES;
				CLANG_WARN_OBJC_LITERAL_CONVERSION = YES;
				CLANG_WARN_OBJC_ROOT_CLASS = YES_ERROR;
				CLANG_WARN_RANGE_LOOP_ANALYSIS = YES;
				CLANG_WARN_STRICT_PROTOTYPES = YES;
				CLANG_WARN_SUSPICIOUS_MOVE = YES;
				CLANG_WARN_UNGUARDED_AVAILABILITY = YES_AGGRESSIVE;
				CLANG_WARN_UNREACHABLE_CODE = YES;
				CLANG_WARN__DUPLICATE_METHOD_MATCH = YES;
				CODE_SIGN_IDENTITY = "iPhone Developer";
				COPY_PHASE_STRIP = NO;
				DEBUG_INFORMATION_FORMAT = "dwarf-with-dsym";
				ENABLE_NS_ASSERTIONS = NO;
				ENABLE_STRICT_OBJC_MSGSEND = YES;
				GCC_C_LANGUAGE_STANDARD = gnu11;
				GCC_NO_COMMON_BLOCKS = YES;
				GCC_WARN_64_TO_32_BIT_CONVERSION = YES;
				GCC_WARN_ABOUT_RETURN_TYPE = YES_ERROR;
				GCC_WARN_UNDECLARED_SELECTOR = YES;
				GCC_WARN_UNINITIALIZED_AUTOS = YES_AGGRESSIVE;
				GCC_WARN_UNUSED_FUNCTION = YES;
				GCC_WARN_UNUSED_VARIABLE = YES;
				IPHONEOS_DEPLOYMENT_TARGET = 11.2;
				MTL_ENABLE_DEBUG_INFO = NO;
				SDKROOT = iphoneos;
				SWIFT_OPTIMIZATION_LEVEL = "-Owholemodule";
				VALIDATE_PRODUCT = YES;
			};
			name = Release;
		};
		D2E84E32205712490022BAF2 /* Debug */ = {
			isa = XCBuildConfiguration;
			buildSettings = {
				ASSETCATALOG_COMPILER_APPICON_NAME = AppIcon;
				CODE_SIGN_STYLE = Automatic;
				DEVELOPMENT_TEAM = YA4L7W58VX;
				INFOPLIST_FILE = iFIT/Info.plist;
				LD_RUNPATH_SEARCH_PATHS = "$(inherited) @executable_path/Frameworks";
				PRODUCT_BUNDLE_IDENTIFIER = com.BryceSulin.iFIT;
				PRODUCT_NAME = "$(TARGET_NAME)";
				SWIFT_VERSION = 4.0;
				TARGETED_DEVICE_FAMILY = "1,2";
			};
			name = Debug;
		};
		D2E84E33205712490022BAF2 /* Release */ = {
			isa = XCBuildConfiguration;
			buildSettings = {
				ASSETCATALOG_COMPILER_APPICON_NAME = AppIcon;
				CODE_SIGN_STYLE = Automatic;
				DEVELOPMENT_TEAM = YA4L7W58VX;
				INFOPLIST_FILE = iFIT/Info.plist;
				LD_RUNPATH_SEARCH_PATHS = "$(inherited) @executable_path/Frameworks";
				PRODUCT_BUNDLE_IDENTIFIER = com.BryceSulin.iFIT;
				PRODUCT_NAME = "$(TARGET_NAME)";
				SWIFT_VERSION = 4.0;
				TARGETED_DEVICE_FAMILY = "1,2";
			};
			name = Release;
		};
/* End XCBuildConfiguration section */

/* Begin XCConfigurationList section */
		D2E84E18205712490022BAF2 /* Build configuration list for PBXProject "iFIT" */ = {
			isa = XCConfigurationList;
			buildConfigurations = (
				D2E84E2F205712490022BAF2 /* Debug */,
				D2E84E30205712490022BAF2 /* Release */,
			);
			defaultConfigurationIsVisible = 0;
			defaultConfigurationName = Release;
		};
		D2E84E31205712490022BAF2 /* Build configuration list for PBXNativeTarget "iFIT" */ = {
			isa = XCConfigurationList;
			buildConfigurations = (
				D2E84E32205712490022BAF2 /* Debug */,
				D2E84E33205712490022BAF2 /* Release */,
			);
			defaultConfigurationIsVisible = 0;
			defaultConfigurationName = Release;
		};
/* End XCConfigurationList section */
	};
	rootObject = D2E84E15205712490022BAF2 /* Project object */;
}
